// !$*UTF8*$!
{
	archiveVersion = 1;
	classes = {
	};
	objectVersion = 46;
	objects = {

/* Begin PBXBuildFile section */
		504ED1C01CDF63C5003C7E30 /* grammar.cpp in Sources */ = {isa = PBXBuildFile; fileRef = 504ED1BE1CDF63C5003C7E30 /* grammar.cpp */; };
		504ED1C21CDFABCF003C7E30 /* jflap-grammar.jff in CopyFiles */ = {isa = PBXBuildFile; fileRef = 504ED1C11CDFABC4003C7E30 /* jflap-grammar.jff */; };
		5080B2541CE080BE00CBFECD /* jflap-grammar2.jff in CopyFiles */ = {isa = PBXBuildFile; fileRef = 5080B2531CE080B400CBFECD /* jflap-grammar2.jff */; };
		5080B2561CE08A9A00CBFECD /* jflap-grammar3.jff in CopyFiles */ = {isa = PBXBuildFile; fileRef = 5080B2551CE08A8D00CBFECD /* jflap-grammar3.jff */; };
		50D32A591C93159800C5626A /* main.cpp in Sources */ = {isa = PBXBuildFile; fileRef = 50D32A581C93159800C5626A /* main.cpp */; };
/* End PBXBuildFile section */

/* Begin PBXCopyFilesBuildPhase section */
		50D32A531C93159800C5626A /* CopyFiles */ = {
			isa = PBXCopyFilesBuildPhase;
			buildActionMask = 12;
			dstPath = "";
			dstSubfolderSpec = 16;
			files = (
				5080B2561CE08A9A00CBFECD /* jflap-grammar3.jff in CopyFiles */,
				5080B2541CE080BE00CBFECD /* jflap-grammar2.jff in CopyFiles */,
				504ED1C21CDFABCF003C7E30 /* jflap-grammar.jff in CopyFiles */,
			);
			runOnlyForDeploymentPostprocessing = 0;
		};
/* End PBXCopyFilesBuildPhase section */

/* Begin PBXFileReference section */
		504ED1BE1CDF63C5003C7E30 /* grammar.cpp */ = {isa = PBXFileReference; fileEncoding = 4; lastKnownFileType = sourcecode.cpp.cpp; path = grammar.cpp; sourceTree = "<group>"; };
		504ED1BF1CDF63C5003C7E30 /* grammar.hpp */ = {isa = PBXFileReference; fileEncoding = 4; lastKnownFileType = sourcecode.cpp.h; path = grammar.hpp; sourceTree = "<group>"; };
		504ED1C11CDFABC4003C7E30 /* jflap-grammar.jff */ = {isa = PBXFileReference; fileEncoding = 4; lastKnownFileType = text.xml; name = "jflap-grammar.jff"; path = "afj-assignment-04/data/jflap-grammar.jff"; sourceTree = "<group>"; };
		5080B2531CE080B400CBFECD /* jflap-grammar2.jff */ = {isa = PBXFileReference; fileEncoding = 4; lastKnownFileType = text.xml; name = "jflap-grammar2.jff"; path = "afj-assignment-04/data/jflap-grammar2.jff"; sourceTree = "<group>"; };
		5080B2551CE08A8D00CBFECD /* jflap-grammar3.jff */ = {isa = PBXFileReference; fileEncoding = 4; lastKnownFileType = text.xml; name = "jflap-grammar3.jff"; path = "afj-assignment-04/data/jflap-grammar3.jff"; sourceTree = "<group>"; };
		50CBDF891CA480A000838044 /* types.hpp */ = {isa = PBXFileReference; fileEncoding = 4; lastKnownFileType = sourcecode.cpp.h; path = types.hpp; sourceTree = "<group>"; };
		50D32A551C93159800C5626A /* afj-assignment-04 */ = {isa = PBXFileReference; explicitFileType = "compiled.mach-o.executable"; includeInIndex = 0; path = "afj-assignment-04"; sourceTree = BUILT_PRODUCTS_DIR; };
		50D32A581C93159800C5626A /* main.cpp */ = {isa = PBXFileReference; lastKnownFileType = sourcecode.cpp.cpp; path = main.cpp; sourceTree = "<group>"; };
/* End PBXFileReference section */

/* Begin PBXFrameworksBuildPhase section */
		50D32A521C93159800C5626A /* Frameworks */ = {
			isa = PBXFrameworksBuildPhase;
			buildActionMask = 2147483647;
			files = (
			);
			runOnlyForDeploymentPostprocessing = 0;
		};
/* End PBXFrameworksBuildPhase section */

/* Begin PBXGroup section */
		50CBDF7F1CA43B8D00838044 /* lib */ = {
			isa = PBXGroup;
			children = (
				504ED1BE1CDF63C5003C7E30 /* grammar.cpp */,
				504ED1BF1CDF63C5003C7E30 /* grammar.hpp */,
			);
			name = lib;
			path = "afj-assignment-04/lib";
			sourceTree = "<group>";
		};
		50CBDF811CA43C1400838044 /* data */ = {
			isa = PBXGroup;
			children = (
				5080B2551CE08A8D00CBFECD /* jflap-grammar3.jff */,
				5080B2531CE080B400CBFECD /* jflap-grammar2.jff */,
				504ED1C11CDFABC4003C7E30 /* jflap-grammar.jff */,
			);
			name = data;
			sourceTree = "<group>";
		};
		50D32A4C1C93159800C5626A = {
			isa = PBXGroup;
			children = (
				50D32A571C93159800C5626A /* afj-assignment-4 */,
				50CBDF7F1CA43B8D00838044 /* lib */,
				50CBDF811CA43C1400838044 /* data */,
				50D32A561C93159800C5626A /* Products */,
			);
			sourceTree = "<group>";
		};
		50D32A561C93159800C5626A /* Products */ = {
			isa = PBXGroup;
			children = (
				50D32A551C93159800C5626A /* afj-assignment-04 */,
			);
			name = Products;
			sourceTree = "<group>";
		};
		50D32A571C93159800C5626A /* afj-assignment-4 */ = {
			isa = PBXGroup;
			children = (
				50D32A581C93159800C5626A /* main.cpp */,
				50CBDF891CA480A000838044 /* types.hpp */,
			);
			name = "afj-assignment-4";
			path = "afj-assignment-04";
			sourceTree = "<group>";
		};
/* End PBXGroup section */

/* Begin PBXNativeTarget section */
		50D32A541C93159800C5626A /* afj-assignment-04 */ = {
			isa = PBXNativeTarget;
			buildConfigurationList = 50D32A5C1C93159800C5626A /* Build configuration list for PBXNativeTarget "afj-assignment-04" */;
			buildPhases = (
				50D32A511C93159800C5626A /* Sources */,
				50D32A521C93159800C5626A /* Frameworks */,
				50D32A531C93159800C5626A /* CopyFiles */,
			);
			buildRules = (
			);
			dependencies = (
			);
			name = "afj-assignment-04";
			productName = "afj-assignment-2";
			productReference = 50D32A551C93159800C5626A /* afj-assignment-04 */;
			productType = "com.apple.product-type.tool";
		};
/* End PBXNativeTarget section */

/* Begin PBXProject section */
		50D32A4D1C93159800C5626A /* Project object */ = {
			isa = PBXProject;
			attributes = {
				LastUpgradeCheck = 0720;
				ORGANIZATIONNAME = "Martin Kiesel";
				TargetAttributes = {
					50D32A541C93159800C5626A = {
						CreatedOnToolsVersion = 7.2.1;
					};
				};
			};
			buildConfigurationList = 50D32A501C93159800C5626A /* Build configuration list for PBXProject "afj-assignment-04" */;
			compatibilityVersion = "Xcode 3.2";
			developmentRegion = English;
			hasScannedForEncodings = 0;
			knownRegions = (
				en,
			);
			mainGroup = 50D32A4C1C93159800C5626A;
			productRefGroup = 50D32A561C93159800C5626A /* Products */;
			projectDirPath = "";
			projectRoot = "";
			targets = (
				50D32A541C93159800C5626A /* afj-assignment-04 */,
			);
		};
/* End PBXProject section */

/* Begin PBXSourcesBuildPhase section */
		50D32A511C93159800C5626A /* Sources */ = {
			isa = PBXSourcesBuildPhase;
			buildActionMask = 2147483647;
			files = (
				50D32A591C93159800C5626A /* main.cpp in Sources */,
				504ED1C01CDF63C5003C7E30 /* grammar.cpp in Sources */,
			);
			runOnlyForDeploymentPostprocessing = 0;
		};
/* End PBXSourcesBuildPhase section */

/* Begin XCBuildConfiguration section */
		50D32A5A1C93159800C5626A /* Debug */ = {
			isa = XCBuildConfiguration;
			buildSettings = {
				ALWAYS_SEARCH_USER_PATHS = NO;
				CLANG_CXX_LANGUAGE_STANDARD = "gnu++0x";
				CLANG_CXX_LIBRARY = "libc++";
				CLANG_ENABLE_MODULES = YES;
				CLANG_ENABLE_OBJC_ARC = YES;
				CLANG_WARN_BOOL_CONVERSION = YES;
				CLANG_WARN_CONSTANT_CONVERSION = YES;
				CLANG_WARN_DIRECT_OBJC_ISA_USAGE = YES_ERROR;
				CLANG_WARN_EMPTY_BODY = YES;
				CLANG_WARN_ENUM_CONVERSION = YES;
				CLANG_WARN_INT_CONVERSION = YES;
				CLANG_WARN_OBJC_ROOT_CLASS = YES_ERROR;
				CLANG_WARN_UNREACHABLE_CODE = YES;
				CLANG_WARN__DUPLICATE_METHOD_MATCH = YES;
				CODE_SIGN_IDENTITY = "-";
				COPY_PHASE_STRIP = NO;
				DEBUG_INFORMATION_FORMAT = dwarf;
				ENABLE_STRICT_OBJC_MSGSEND = YES;
				ENABLE_TESTABILITY = YES;
				GCC_C_LANGUAGE_STANDARD = gnu99;
				GCC_DYNAMIC_NO_PIC = NO;
				GCC_NO_COMMON_BLOCKS = YES;
				GCC_OPTIMIZATION_LEVEL = 0;
				GCC_PREPROCESSOR_DEFINITIONS = (
					"DEBUG=1",
					"$(inherited)",
				);
				GCC_WARN_64_TO_32_BIT_CONVERSION = YES;
				GCC_WARN_ABOUT_RETURN_TYPE = YES_ERROR;
				GCC_WARN_UNDECLARED_SELECTOR = YES;
				GCC_WARN_UNINITIALIZED_AUTOS = YES_AGGRESSIVE;
				GCC_WARN_UNUSED_FUNCTION = YES;
				GCC_WARN_UNUSED_VARIABLE = YES;
				MACOSX_DEPLOYMENT_TARGET = 10.10;
				MTL_ENABLE_DEBUG_INFO = YES;
				ONLY_ACTIVE_ARCH = YES;
				SDKROOT = macosx;
			};
			name = Debug;
		};
		50D32A5B1C93159800C5626A /* Release */ = {
			isa = XCBuildConfiguration;
			buildSettings = {
				ALWAYS_SEARCH_USER_PATHS = NO;
				CLANG_CXX_LANGUAGE_STANDARD = "gnu++0x";
				CLANG_CXX_LIBRARY = "libc++";
				CLANG_ENABLE_MODULES = YES;
				CLANG_ENABLE_OBJC_ARC = YES;
				CLANG_WARN_BOOL_CONVERSION = YES;
				CLANG_WARN_CONSTANT_CONVERSION = YES;
				CLANG_WARN_DIRECT_OBJC_ISA_USAGE = YES_ERROR;
				CLANG_WARN_EMPTY_BODY = YES;
				CLANG_WARN_ENUM_CONVERSION = YES;
				CLANG_WARN_INT_CONVERSION = YES;
				CLANG_WARN_OBJC_ROOT_CLASS = YES_ERROR;
				CLANG_WARN_UNREACHABLE_CODE = YES;
				CLANG_WARN__DUPLICATE_METHOD_MATCH = YES;
				CODE_SIGN_IDENTITY = "-";
				COPY_PHASE_STRIP = NO;
				DEBUG_INFORMATION_FORMAT = "dwarf-with-dsym";
				ENABLE_NS_ASSERTIONS = NO;
				ENABLE_STRICT_OBJC_MSGSEND = YES;
				GCC_C_LANGUAGE_STANDARD = gnu99;
				GCC_NO_COMMON_BLOCKS = YES;
				GCC_WARN_64_TO_32_BIT_CONVERSION = YES;
				GCC_WARN_ABOUT_RETURN_TYPE = YES_ERROR;
				GCC_WARN_UNDECLARED_SELECTOR = YES;
				GCC_WARN_UNINITIALIZED_AUTOS = YES_AGGRESSIVE;
				GCC_WARN_UNUSED_FUNCTION = YES;
				GCC_WARN_UNUSED_VARIABLE = YES;
				MACOSX_DEPLOYMENT_TARGET = 10.10;
				MTL_ENABLE_DEBUG_INFO = NO;
				SDKROOT = macosx;
			};
			name = Release;
		};
		50D32A5D1C93159800C5626A /* Debug */ = {
			isa = XCBuildConfiguration;
			buildSettings = {
				ALWAYS_SEARCH_USER_PATHS = NO;
				HEADER_SEARCH_PATHS = /usr/local/include;
				LIBRARY_SEARCH_PATHS = /usr/local/lib;
				OTHER_LDFLAGS = "-lpugixml";
				PRODUCT_NAME = "afj-assignment-04";
			};
			name = Debug;
		};
		50D32A5E1C93159800C5626A /* Release */ = {
			isa = XCBuildConfiguration;
			buildSettings = {
				ALWAYS_SEARCH_USER_PATHS = NO;
				HEADER_SEARCH_PATHS = /usr/local/include;
				LIBRARY_SEARCH_PATHS = /usr/local/lib;
				OTHER_LDFLAGS = "-lpugixml";
				PRODUCT_NAME = "afj-assignment-04";
			};
			name = Release;
		};
/* End XCBuildConfiguration section */

/* Begin XCConfigurationList section */
		50D32A501C93159800C5626A /* Build configuration list for PBXProject "afj-assignment-04" */ = {
			isa = XCConfigurationList;
			buildConfigurations = (
				50D32A5A1C93159800C5626A /* Debug */,
				50D32A5B1C93159800C5626A /* Release */,
			);
			defaultConfigurationIsVisible = 0;
			defaultConfigurationName = Release;
		};
		50D32A5C1C93159800C5626A /* Build configuration list for PBXNativeTarget "afj-assignment-04" */ = {
			isa = XCConfigurationList;
			buildConfigurations = (
				50D32A5D1C93159800C5626A /* Debug */,
				50D32A5E1C93159800C5626A /* Release */,
			);
			defaultConfigurationIsVisible = 0;
			defaultConfigurationName = Release;
		};
/* End XCConfigurationList section */
	};
	rootObject = 50D32A4D1C93159800C5626A /* Project object */;
}
